
Microsoft Visual Studio Solution File, Format Version 12.00
# Visual Studio 2012
Project("{FAE04EC0-301F-11D3-BF4B-00C04F79EFBC}") = "Turakas", "Turakas.csproj", "{9B75E5B4-E4E2-4CDC-BD84-F7541C1A3279}"
EndProject
Project("{FAE04EC0-301F-11D3-BF4B-00C04F79EFBC}") = "TurakasLibrary", "..\TurakasLibrary\TurakasLibrary.csproj", "{962BFB54-2EE8-40B6-B9FC-B2D825C467A0}"
EndProject
Project("{FAE04EC0-301F-11D3-BF4B-00C04F79EFBC}") = "TurakasServiceLibrary", "..\TurakasServiceLibrary\TurakasServiceLibrary.csproj", "{15B3E0D2-6217-493A-A690-158C497F5318}"
EndProject
Global
	GlobalSection(SolutionConfigurationPlatforms) = preSolution
		Debug|Any CPU = Debug|Any CPU
		Debug|ARM = Debug|ARM
		Debug|x64 = Debug|x64
		Debug|x86 = Debug|x86
		Release|Any CPU = Release|Any CPU
		Release|ARM = Release|ARM
		Release|x64 = Release|x64
		Release|x86 = Release|x86
	EndGlobalSection
	GlobalSection(ProjectConfigurationPlatforms) = postSolution
		{9B75E5B4-E4E2-4CDC-BD84-F7541C1A3279}.Debug|Any CPU.ActiveCfg = Debug|Any CPU
		{9B75E5B4-E4E2-4CDC-BD84-F7541C1A3279}.Debug|Any CPU.Build.0 = Debug|Any CPU
		{9B75E5B4-E4E2-4CDC-BD84-F7541C1A3279}.Debug|Any CPU.Deploy.0 = Debug|Any CPU
		{9B75E5B4-E4E2-4CDC-BD84-F7541C1A3279}.Debug|ARM.ActiveCfg = Debug|ARM
		{9B75E5B4-E4E2-4CDC-BD84-F7541C1A3279}.Debug|ARM.Build.0 = Debug|ARM
		{9B75E5B4-E4E2-4CDC-BD84-F7541C1A3279}.Debug|ARM.Deploy.0 = Debug|ARM
		{9B75E5B4-E4E2-4CDC-BD84-F7541C1A3279}.Debug|x64.ActiveCfg = Debug|x64
		{9B75E5B4-E4E2-4CDC-BD84-F7541C1A3279}.Debug|x64.Build.0 = Debug|x64
		{9B75E5B4-E4E2-4CDC-BD84-F7541C1A3279}.Debug|x64.Deploy.0 = Debug|x64
		{9B75E5B4-E4E2-4CDC-BD84-F7541C1A3279}.Debug|x86.ActiveCfg = Debug|x86
		{9B75E5B4-E4E2-4CDC-BD84-F7541C1A3279}.Debug|x86.Build.0 = Debug|x86
		{9B75E5B4-E4E2-4CDC-BD84-F7541C1A3279}.Debug|x86.Deploy.0 = Debug|x86
		{9B75E5B4-E4E2-4CDC-BD84-F7541C1A3279}.Release|Any CPU.ActiveCfg = Release|Any CPU
		{9B75E5B4-E4E2-4CDC-BD84-F7541C1A3279}.Release|Any CPU.Build.0 = Release|Any CPU
		{9B75E5B4-E4E2-4CDC-BD84-F7541C1A3279}.Release|Any CPU.Deploy.0 = Release|Any CPU
		{9B75E5B4-E4E2-4CDC-BD84-F7541C1A3279}.Release|ARM.ActiveCfg = Release|ARM
		{9B75E5B4-E4E2-4CDC-BD84-F7541C1A3279}.Release|ARM.Build.0 = Release|ARM
		{9B75E5B4-E4E2-4CDC-BD84-F7541C1A3279}.Release|ARM.Deploy.0 = Release|ARM
		{9B75E5B4-E4E2-4CDC-BD84-F7541C1A3279}.Release|x64.ActiveCfg = Release|x64
		{9B75E5B4-E4E2-4CDC-BD84-F7541C1A3279}.Release|x64.Build.0 = Release|x64
		{9B75E5B4-E4E2-4CDC-BD84-F7541C1A3279}.Release|x64.Deploy.0 = Release|x64
		{9B75E5B4-E4E2-4CDC-BD84-F7541C1A3279}.Release|x86.ActiveCfg = Release|x86
		{9B75E5B4-E4E2-4CDC-BD84-F7541C1A3279}.Release|x86.Build.0 = Release|x86
		{9B75E5B4-E4E2-4CDC-BD84-F7541C1A3279}.Release|x86.Deploy.0 = Release|x86
		{962BFB54-2EE8-40B6-B9FC-B2D825C467A0}.Debug|Any CPU.ActiveCfg = Debug|Any CPU
		{962BFB54-2EE8-40B6-B9FC-B2D825C467A0}.Debug|Any CPU.Build.0 = Debug|Any CPU
		{962BFB54-2EE8-40B6-B9FC-B2D825C467A0}.Debug|ARM.ActiveCfg = Debug|ARM
		{962BFB54-2EE8-40B6-B9FC-B2D825C467A0}.Debug|ARM.Build.0 = Debug|ARM
		{962BFB54-2EE8-40B6-B9FC-B2D825C467A0}.Debug|x64.ActiveCfg = Debug|x64
		{962BFB54-2EE8-40B6-B9FC-B2D825C467A0}.Debug|x64.Build.0 = Debug|x64
		{962BFB54-2EE8-40B6-B9FC-B2D825C467A0}.Debug|x86.ActiveCfg = Debug|x86
		{962BFB54-2EE8-40B6-B9FC-B2D825C467A0}.Debug|x86.Build.0 = Debug|x86
		{962BFB54-2EE8-40B6-B9FC-B2D825C467A0}.Release|Any CPU.ActiveCfg = Release|Any CPU
		{962BFB54-2EE8-40B6-B9FC-B2D825C467A0}.Release|Any CPU.Build.0 = Release|Any CPU
		{962BFB54-2EE8-40B6-B9FC-B2D825C467A0}.Release|ARM.ActiveCfg = Release|ARM
		{962BFB54-2EE8-40B6-B9FC-B2D825C467A0}.Release|ARM.Build.0 = Release|ARM
		{962BFB54-2EE8-40B6-B9FC-B2D825C467A0}.Release|x64.ActiveCfg = Release|x64
		{962BFB54-2EE8-40B6-B9FC-B2D825C467A0}.Release|x64.Build.0 = Release|x64
		{962BFB54-2EE8-40B6-B9FC-B2D825C467A0}.Release|x86.ActiveCfg = Release|x86
		{962BFB54-2EE8-40B6-B9FC-B2D825C467A0}.Release|x86.Build.0 = Release|x86
		{15B3E0D2-6217-493A-A690-158C497F5318}.Debug|Any CPU.ActiveCfg = Debug|Any CPU
		{15B3E0D2-6217-493A-A690-158C497F5318}.Debug|Any CPU.Build.0 = Debug|Any CPU
		{15B3E0D2-6217-493A-A690-158C497F5318}.Debug|ARM.ActiveCfg = Debug|Any CPU
		{15B3E0D2-6217-493A-A690-158C497F5318}.Debug|x64.ActiveCfg = Debug|Any CPU
		{15B3E0D2-6217-493A-A690-158C497F5318}.Debug|x86.ActiveCfg = Debug|Any CPU
		{15B3E0D2-6217-493A-A690-158C497F5318}.Release|Any CPU.ActiveCfg = Release|Any CPU
		{15B3E0D2-6217-493A-A690-158C497F5318}.Release|Any CPU.Build.0 = Release|Any CPU
		{15B3E0D2-6217-493A-A690-158C497F5318}.Release|ARM.ActiveCfg = Release|Any CPU
		{15B3E0D2-6217-493A-A690-158C497F5318}.Release|x64.ActiveCfg = Release|Any CPU
		{15B3E0D2-6217-493A-A690-158C497F5318}.Release|x86.ActiveCfg = Release|Any CPU
	EndGlobalSection
	GlobalSection(SolutionProperties) = preSolution
		HideSolutionNode = FALSE
	EndGlobalSection
EndGlobal
